// !$*UTF8*$!
{
	archiveVersion = 1;
	classes = {
	};
	objectVersion = 48;
	objects = {

/* Begin PBXBuildFile section */
		0823925520A56B6C006C45B2 /* InnerTests.swift in Sources */ = {isa = PBXBuildFile; fileRef = 0823925420A56B6C006C45B2 /* InnerTests.swift */; };
		08276C3D232AEC0C0030C9B2 /* ExtensionTests.swift in Sources */ = {isa = PBXBuildFile; fileRef = 08276C3C232AEC0C0030C9B2 /* ExtensionTests.swift */; };
		0838E8E12267D5070010A7ED /* FlatTests.swift in Sources */ = {isa = PBXBuildFile; fileRef = 0823925620A56CED006C45B2 /* FlatTests.swift */; };
		0838E8EB2267D5A70010A7ED /* AllKeysTests.swift in Sources */ = {isa = PBXBuildFile; fileRef = 08DC29BB207BF444008B9726 /* AllKeysTests.swift */; };
		0889DB5E20699EA8008A0A13 /* KeyedCodable.framework in Frameworks */ = {isa = PBXBuildFile; fileRef = 0889DB5420699EA8008A0A13 /* KeyedCodable.framework */; };
		0889DB6520699EA8008A0A13 /* KeyedCodable.h in Headers */ = {isa = PBXBuildFile; fileRef = 0889DB5720699EA8008A0A13 /* KeyedCodable.h */; settings = {ATTRIBUTES = (Public, ); }; };
		0889DB8A20699FF0008A0A13 /* KeyedJSONEncoder.swift in Sources */ = {isa = PBXBuildFile; fileRef = 0889DB8920699FF0008A0A13 /* KeyedJSONEncoder.swift */; };
		0889DB8C2069A01E008A0A13 /* KeyedJSONDecoder.swift in Sources */ = {isa = PBXBuildFile; fileRef = 0889DB8B2069A01E008A0A13 /* KeyedJSONDecoder.swift */; };
		0889DB912069A1A3008A0A13 /* AnyKey.swift in Sources */ = {isa = PBXBuildFile; fileRef = 0889DB902069A1A3008A0A13 /* AnyKey.swift */; };
		0889DB9D2069A2F5008A0A13 /* KeyedConfig.swift in Sources */ = {isa = PBXBuildFile; fileRef = 0889DB9C2069A2F5008A0A13 /* KeyedConfig.swift */; };
		0889DBA02069A344008A0A13 /* Helpers.swift in Sources */ = {isa = PBXBuildFile; fileRef = 0889DB9F2069A344008A0A13 /* Helpers.swift */; };
		088D833823490CFF00642B31 /* Transformers.swift in Sources */ = {isa = PBXBuildFile; fileRef = 088D833723490CFF00642B31 /* Transformers.swift */; };
		088D833923490CFF00642B31 /* Transformers.swift in Sources */ = {isa = PBXBuildFile; fileRef = 088D833723490CFF00642B31 /* Transformers.swift */; };
		088D833A23490CFF00642B31 /* Transformers.swift in Sources */ = {isa = PBXBuildFile; fileRef = 088D833723490CFF00642B31 /* Transformers.swift */; };
		088D833B23490CFF00642B31 /* Transformers.swift in Sources */ = {isa = PBXBuildFile; fileRef = 088D833723490CFF00642B31 /* Transformers.swift */; };
		088D833D23494A8600642B31 /* ZeroDecodable.swift in Sources */ = {isa = PBXBuildFile; fileRef = 088D833C23494A8600642B31 /* ZeroDecodable.swift */; };
		088D833E23494A8600642B31 /* ZeroDecodable.swift in Sources */ = {isa = PBXBuildFile; fileRef = 088D833C23494A8600642B31 /* ZeroDecodable.swift */; };
		088D833F23494A8600642B31 /* ZeroDecodable.swift in Sources */ = {isa = PBXBuildFile; fileRef = 088D833C23494A8600642B31 /* ZeroDecodable.swift */; };
		088D834023494A8600642B31 /* ZeroDecodable.swift in Sources */ = {isa = PBXBuildFile; fileRef = 088D833C23494A8600642B31 /* ZeroDecodable.swift */; };
		088D83422349ECD600642B31 /* ZeroDecodableTests.swift in Sources */ = {isa = PBXBuildFile; fileRef = 088D83412349ECD600642B31 /* ZeroDecodableTests.swift */; };
		088D83432349ECD600642B31 /* ZeroDecodableTests.swift in Sources */ = {isa = PBXBuildFile; fileRef = 088D83412349ECD600642B31 /* ZeroDecodableTests.swift */; };
		088D83442349ECD600642B31 /* ZeroDecodableTests.swift in Sources */ = {isa = PBXBuildFile; fileRef = 088D83412349ECD600642B31 /* ZeroDecodableTests.swift */; };
		088D83462349ECF700642B31 /* TransformersTests.swift in Sources */ = {isa = PBXBuildFile; fileRef = 088D83452349ECF700642B31 /* TransformersTests.swift */; };
		088D83472349ECF700642B31 /* TransformersTests.swift in Sources */ = {isa = PBXBuildFile; fileRef = 088D83452349ECF700642B31 /* TransformersTests.swift */; };
		088D83482349ECF700642B31 /* TransformersTests.swift in Sources */ = {isa = PBXBuildFile; fileRef = 088D83452349ECF700642B31 /* TransformersTests.swift */; };
		089426FC20B1B9E300A4B6FF /* KeyedCodable.framework in Frameworks */ = {isa = PBXBuildFile; fileRef = 089426F320B1B9E300A4B6FF /* KeyedCodable.framework */; };
		0894271820B1BA0700A4B6FF /* KeyedCodable.framework in Frameworks */ = {isa = PBXBuildFile; fileRef = 0894270F20B1BA0600A4B6FF /* KeyedCodable.framework */; };
		0894272620B1BA7100A4B6FF /* KeyedConfig.swift in Sources */ = {isa = PBXBuildFile; fileRef = 0889DB9C2069A2F5008A0A13 /* KeyedConfig.swift */; };
		0894272920B1BA7100A4B6FF /* KeyedJSONEncoder.swift in Sources */ = {isa = PBXBuildFile; fileRef = 0889DB8920699FF0008A0A13 /* KeyedJSONEncoder.swift */; };
		0894272A20B1BA7100A4B6FF /* KeyedJSONDecoder.swift in Sources */ = {isa = PBXBuildFile; fileRef = 0889DB8B2069A01E008A0A13 /* KeyedJSONDecoder.swift */; };
		0894272C20B1BA7100A4B6FF /* AnyKey.swift in Sources */ = {isa = PBXBuildFile; fileRef = 0889DB902069A1A3008A0A13 /* AnyKey.swift */; };
		0894272D20B1BA7100A4B6FF /* Helpers.swift in Sources */ = {isa = PBXBuildFile; fileRef = 0889DB9F2069A344008A0A13 /* Helpers.swift */; };
		0894272E20B1BA7200A4B6FF /* KeyedConfig.swift in Sources */ = {isa = PBXBuildFile; fileRef = 0889DB9C2069A2F5008A0A13 /* KeyedConfig.swift */; };
		0894273120B1BA7200A4B6FF /* KeyedJSONEncoder.swift in Sources */ = {isa = PBXBuildFile; fileRef = 0889DB8920699FF0008A0A13 /* KeyedJSONEncoder.swift */; };
		0894273220B1BA7200A4B6FF /* KeyedJSONDecoder.swift in Sources */ = {isa = PBXBuildFile; fileRef = 0889DB8B2069A01E008A0A13 /* KeyedJSONDecoder.swift */; };
		0894273420B1BA7200A4B6FF /* AnyKey.swift in Sources */ = {isa = PBXBuildFile; fileRef = 0889DB902069A1A3008A0A13 /* AnyKey.swift */; };
		0894273520B1BA7200A4B6FF /* Helpers.swift in Sources */ = {isa = PBXBuildFile; fileRef = 0889DB9F2069A344008A0A13 /* Helpers.swift */; };
		0894273E20B1BA7300A4B6FF /* KeyedConfig.swift in Sources */ = {isa = PBXBuildFile; fileRef = 0889DB9C2069A2F5008A0A13 /* KeyedConfig.swift */; };
		0894274120B1BA7300A4B6FF /* KeyedJSONEncoder.swift in Sources */ = {isa = PBXBuildFile; fileRef = 0889DB8920699FF0008A0A13 /* KeyedJSONEncoder.swift */; };
		0894274220B1BA7300A4B6FF /* KeyedJSONDecoder.swift in Sources */ = {isa = PBXBuildFile; fileRef = 0889DB8B2069A01E008A0A13 /* KeyedJSONDecoder.swift */; };
		0894274420B1BA7300A4B6FF /* AnyKey.swift in Sources */ = {isa = PBXBuildFile; fileRef = 0889DB902069A1A3008A0A13 /* AnyKey.swift */; };
		0894274520B1BA7300A4B6FF /* Helpers.swift in Sources */ = {isa = PBXBuildFile; fileRef = 0889DB9F2069A344008A0A13 /* Helpers.swift */; };
		0894274F20B1BA7B00A4B6FF /* KeyedCodable.h in Headers */ = {isa = PBXBuildFile; fileRef = 0889DB5720699EA8008A0A13 /* KeyedCodable.h */; settings = {ATTRIBUTES = (Public, ); }; };
		0894275020B1BA7B00A4B6FF /* KeyedCodable.h in Headers */ = {isa = PBXBuildFile; fileRef = 0889DB5720699EA8008A0A13 /* KeyedCodable.h */; settings = {ATTRIBUTES = (Public, ); }; };
		0894275120B1BA8300A4B6FF /* KeyedCodable.h in Headers */ = {isa = PBXBuildFile; fileRef = 0889DB5720699EA8008A0A13 /* KeyedCodable.h */; settings = {ATTRIBUTES = (Public, ); }; };
		0894275220B1BA8E00A4B6FF /* InnerTests.swift in Sources */ = {isa = PBXBuildFile; fileRef = 0823925420A56B6C006C45B2 /* InnerTests.swift */; };
		0894275320B1BA8E00A4B6FF /* FlatTests.swift in Sources */ = {isa = PBXBuildFile; fileRef = 0823925620A56CED006C45B2 /* FlatTests.swift */; };
		0894275420B1BA8E00A4B6FF /* OptionalArrayElementTests.swift in Sources */ = {isa = PBXBuildFile; fileRef = 0823925820A56DB3006C45B2 /* OptionalArrayElementTests.swift */; };
		0894275520B1BA8E00A4B6FF /* AllKeysTests.swift in Sources */ = {isa = PBXBuildFile; fileRef = 08DC29BB207BF444008B9726 /* AllKeysTests.swift */; };
		0894275620B1BA8E00A4B6FF /* KeyOptionsTests.swift in Sources */ = {isa = PBXBuildFile; fileRef = 0823925A20A56EC1006C45B2 /* KeyOptionsTests.swift */; };
		0894275720B1BA8E00A4B6FF /* KeyedCodableTests.swift in Sources */ = {isa = PBXBuildFile; fileRef = 0889DB6220699EA8008A0A13 /* KeyedCodableTests.swift */; };
		0894275820B1BA8F00A4B6FF /* InnerTests.swift in Sources */ = {isa = PBXBuildFile; fileRef = 0823925420A56B6C006C45B2 /* InnerTests.swift */; };
		0894275920B1BA8F00A4B6FF /* FlatTests.swift in Sources */ = {isa = PBXBuildFile; fileRef = 0823925620A56CED006C45B2 /* FlatTests.swift */; };
		0894275A20B1BA8F00A4B6FF /* OptionalArrayElementTests.swift in Sources */ = {isa = PBXBuildFile; fileRef = 0823925820A56DB3006C45B2 /* OptionalArrayElementTests.swift */; };
		0894275B20B1BA8F00A4B6FF /* AllKeysTests.swift in Sources */ = {isa = PBXBuildFile; fileRef = 08DC29BB207BF444008B9726 /* AllKeysTests.swift */; };
		0894275C20B1BA8F00A4B6FF /* KeyOptionsTests.swift in Sources */ = {isa = PBXBuildFile; fileRef = 0823925A20A56EC1006C45B2 /* KeyOptionsTests.swift */; };
		0894275D20B1BA8F00A4B6FF /* KeyedCodableTests.swift in Sources */ = {isa = PBXBuildFile; fileRef = 0889DB6220699EA8008A0A13 /* KeyedCodableTests.swift */; };
		0899CEAA22354CAE000B7F9E /* KeyedCodableTests.swift in Sources */ = {isa = PBXBuildFile; fileRef = 0889DB6220699EA8008A0A13 /* KeyedCodableTests.swift */; };
		08DCCEE322E9F4C100C5018D /* DecodePathTest.swift in Sources */ = {isa = PBXBuildFile; fileRef = 08DCCEE222E9F4C100C5018D /* DecodePathTest.swift */; };
		08DCCEE422E9F4C100C5018D /* DecodePathTest.swift in Sources */ = {isa = PBXBuildFile; fileRef = 08DCCEE222E9F4C100C5018D /* DecodePathTest.swift */; };
		08DCCEE522E9F4C100C5018D /* DecodePathTest.swift in Sources */ = {isa = PBXBuildFile; fileRef = 08DCCEE222E9F4C100C5018D /* DecodePathTest.swift */; };
		08FD6E4F22746520007E4D59 /* OptionalArrayElementTests.swift in Sources */ = {isa = PBXBuildFile; fileRef = 0823925820A56DB3006C45B2 /* OptionalArrayElementTests.swift */; };
		08FD6E642278C92A007E4D59 /* KeyOptionsTests.swift in Sources */ = {isa = PBXBuildFile; fileRef = 0823925A20A56EC1006C45B2 /* KeyOptionsTests.swift */; };
		08FD6ED92279F5BA007E4D59 /* KeyedKey.swift in Sources */ = {isa = PBXBuildFile; fileRef = 08FD6ED82279F5BA007E4D59 /* KeyedKey.swift */; };
		08FD6EDA2279F5BA007E4D59 /* KeyedKey.swift in Sources */ = {isa = PBXBuildFile; fileRef = 08FD6ED82279F5BA007E4D59 /* KeyedKey.swift */; };
		08FD6EDB2279F5BA007E4D59 /* KeyedKey.swift in Sources */ = {isa = PBXBuildFile; fileRef = 08FD6ED82279F5BA007E4D59 /* KeyedKey.swift */; };
		08FD6EDC2279F5BA007E4D59 /* KeyedKey.swift in Sources */ = {isa = PBXBuildFile; fileRef = 08FD6ED82279F5BA007E4D59 /* KeyedKey.swift */; };
/* End PBXBuildFile section */

/* Begin PBXContainerItemProxy section */
		0889DB5F20699EA8008A0A13 /* PBXContainerItemProxy */ = {
			isa = PBXContainerItemProxy;
			containerPortal = 0889DB4B20699EA8008A0A13 /* Project object */;
			proxyType = 1;
			remoteGlobalIDString = 0889DB5320699EA8008A0A13;
			remoteInfo = KeyedCoder;
		};
		089426FD20B1B9E300A4B6FF /* PBXContainerItemProxy */ = {
			isa = PBXContainerItemProxy;
			containerPortal = 0889DB4B20699EA8008A0A13 /* Project object */;
			proxyType = 1;
			remoteGlobalIDString = 089426F220B1B9E300A4B6FF;
			remoteInfo = "KeyedCodable-tvOS";
		};
		0894271920B1BA0700A4B6FF /* PBXContainerItemProxy */ = {
			isa = PBXContainerItemProxy;
			containerPortal = 0889DB4B20699EA8008A0A13 /* Project object */;
			proxyType = 1;
			remoteGlobalIDString = 0894270E20B1BA0600A4B6FF;
			remoteInfo = "KeyedCodable-macOS";
		};
/* End PBXContainerItemProxy section */

/* Begin PBXFileReference section */
		0807903020A9062C0023C651 /* README.md */ = {isa = PBXFileReference; lastKnownFileType = net.daringfireball.markdown; path = README.md; sourceTree = SOURCE_ROOT; };
		0823925420A56B6C006C45B2 /* InnerTests.swift */ = {isa = PBXFileReference; lastKnownFileType = sourcecode.swift; path = InnerTests.swift; sourceTree = "<group>"; };
		0823925620A56CED006C45B2 /* FlatTests.swift */ = {isa = PBXFileReference; lastKnownFileType = sourcecode.swift; path = FlatTests.swift; sourceTree = "<group>"; };
		0823925820A56DB3006C45B2 /* OptionalArrayElementTests.swift */ = {isa = PBXFileReference; lastKnownFileType = sourcecode.swift; path = OptionalArrayElementTests.swift; sourceTree = "<group>"; };
		0823925A20A56EC1006C45B2 /* KeyOptionsTests.swift */ = {isa = PBXFileReference; lastKnownFileType = sourcecode.swift; path = KeyOptionsTests.swift; sourceTree = "<group>"; };
		08276C3C232AEC0C0030C9B2 /* ExtensionTests.swift */ = {isa = PBXFileReference; lastKnownFileType = sourcecode.swift; path = ExtensionTests.swift; sourceTree = "<group>"; };
		086C497320BAEBFA008DB20C /* CHANGELOG.md */ = {isa = PBXFileReference; lastKnownFileType = net.daringfireball.markdown; path = CHANGELOG.md; sourceTree = SOURCE_ROOT; };
		0889DB5420699EA8008A0A13 /* KeyedCodable.framework */ = {isa = PBXFileReference; explicitFileType = wrapper.framework; includeInIndex = 0; path = KeyedCodable.framework; sourceTree = BUILT_PRODUCTS_DIR; };
		0889DB5720699EA8008A0A13 /* KeyedCodable.h */ = {isa = PBXFileReference; lastKnownFileType = sourcecode.c.h; path = KeyedCodable.h; sourceTree = "<group>"; };
		0889DB5820699EA8008A0A13 /* Info.plist */ = {isa = PBXFileReference; lastKnownFileType = text.plist.xml; path = Info.plist; sourceTree = "<group>"; };
		0889DB5D20699EA8008A0A13 /* KeyedCodableTests-iOS.xctest */ = {isa = PBXFileReference; explicitFileType = wrapper.cfbundle; includeInIndex = 0; path = "KeyedCodableTests-iOS.xctest"; sourceTree = BUILT_PRODUCTS_DIR; };
		0889DB6220699EA8008A0A13 /* KeyedCodableTests.swift */ = {isa = PBXFileReference; lastKnownFileType = sourcecode.swift; path = KeyedCodableTests.swift; sourceTree = "<group>"; };
		0889DB6420699EA8008A0A13 /* Info.plist */ = {isa = PBXFileReference; lastKnownFileType = text.plist.xml; path = Info.plist; sourceTree = "<group>"; };
		0889DB8920699FF0008A0A13 /* KeyedJSONEncoder.swift */ = {isa = PBXFileReference; lastKnownFileType = sourcecode.swift; path = KeyedJSONEncoder.swift; sourceTree = "<group>"; };
		0889DB8B2069A01E008A0A13 /* KeyedJSONDecoder.swift */ = {isa = PBXFileReference; lastKnownFileType = sourcecode.swift; path = KeyedJSONDecoder.swift; sourceTree = "<group>"; };
		0889DB902069A1A3008A0A13 /* AnyKey.swift */ = {isa = PBXFileReference; lastKnownFileType = sourcecode.swift; path = AnyKey.swift; sourceTree = "<group>"; };
		0889DB9C2069A2F5008A0A13 /* KeyedConfig.swift */ = {isa = PBXFileReference; lastKnownFileType = sourcecode.swift; path = KeyedConfig.swift; sourceTree = "<group>"; };
		0889DB9F2069A344008A0A13 /* Helpers.swift */ = {isa = PBXFileReference; lastKnownFileType = sourcecode.swift; path = Helpers.swift; sourceTree = "<group>"; };
		088D833723490CFF00642B31 /* Transformers.swift */ = {isa = PBXFileReference; lastKnownFileType = sourcecode.swift; path = Transformers.swift; sourceTree = "<group>"; };
		088D833C23494A8600642B31 /* ZeroDecodable.swift */ = {isa = PBXFileReference; fileEncoding = 4; lastKnownFileType = sourcecode.swift; path = ZeroDecodable.swift; sourceTree = "<group>"; };
		088D83412349ECD600642B31 /* ZeroDecodableTests.swift */ = {isa = PBXFileReference; lastKnownFileType = sourcecode.swift; path = ZeroDecodableTests.swift; sourceTree = "<group>"; };
		088D83452349ECF700642B31 /* TransformersTests.swift */ = {isa = PBXFileReference; lastKnownFileType = sourcecode.swift; path = TransformersTests.swift; sourceTree = "<group>"; };
		089426E620B1B87900A4B6FF /* KeyedCodable.framework */ = {isa = PBXFileReference; explicitFileType = wrapper.framework; includeInIndex = 0; path = KeyedCodable.framework; sourceTree = BUILT_PRODUCTS_DIR; };
		089426F320B1B9E300A4B6FF /* KeyedCodable.framework */ = {isa = PBXFileReference; explicitFileType = wrapper.framework; includeInIndex = 0; path = KeyedCodable.framework; sourceTree = BUILT_PRODUCTS_DIR; };
		089426FB20B1B9E300A4B6FF /* KeyedCodable-tvOSTests.xctest */ = {isa = PBXFileReference; explicitFileType = wrapper.cfbundle; includeInIndex = 0; path = "KeyedCodable-tvOSTests.xctest"; sourceTree = BUILT_PRODUCTS_DIR; };
		0894270F20B1BA0600A4B6FF /* KeyedCodable.framework */ = {isa = PBXFileReference; explicitFileType = wrapper.framework; includeInIndex = 0; path = KeyedCodable.framework; sourceTree = BUILT_PRODUCTS_DIR; };
		0894271720B1BA0700A4B6FF /* KeyedCodable-macOSTests.xctest */ = {isa = PBXFileReference; explicitFileType = wrapper.cfbundle; includeInIndex = 0; path = "KeyedCodable-macOSTests.xctest"; sourceTree = BUILT_PRODUCTS_DIR; };
		08942A0320B1F4C700A4B6FF /* KeyedCodable.podspec */ = {isa = PBXFileReference; lastKnownFileType = text; path = KeyedCodable.podspec; sourceTree = SOURCE_ROOT; };
		08DC29BB207BF444008B9726 /* AllKeysTests.swift */ = {isa = PBXFileReference; lastKnownFileType = sourcecode.swift; path = AllKeysTests.swift; sourceTree = "<group>"; };
		08DCCEE222E9F4C100C5018D /* DecodePathTest.swift */ = {isa = PBXFileReference; lastKnownFileType = sourcecode.swift; path = DecodePathTest.swift; sourceTree = "<group>"; };
		08FD6ED82279F5BA007E4D59 /* KeyedKey.swift */ = {isa = PBXFileReference; lastKnownFileType = sourcecode.swift; path = KeyedKey.swift; sourceTree = "<group>"; };
/* End PBXFileReference section */

/* Begin PBXFrameworksBuildPhase section */
		0889DB5020699EA8008A0A13 /* Frameworks */ = {
			isa = PBXFrameworksBuildPhase;
			buildActionMask = 2147483647;
			files = (
			);
			runOnlyForDeploymentPostprocessing = 0;
		};
		0889DB5A20699EA8008A0A13 /* Frameworks */ = {
			isa = PBXFrameworksBuildPhase;
			buildActionMask = 2147483647;
			files = (
				0889DB5E20699EA8008A0A13 /* KeyedCodable.framework in Frameworks */,
			);
			runOnlyForDeploymentPostprocessing = 0;
		};
		089426E220B1B87900A4B6FF /* Frameworks */ = {
			isa = PBXFrameworksBuildPhase;
			buildActionMask = 2147483647;
			files = (
			);
			runOnlyForDeploymentPostprocessing = 0;
		};
		089426EF20B1B9E300A4B6FF /* Frameworks */ = {
			isa = PBXFrameworksBuildPhase;
			buildActionMask = 2147483647;
			files = (
			);
			runOnlyForDeploymentPostprocessing = 0;
		};
		089426F820B1B9E300A4B6FF /* Frameworks */ = {
			isa = PBXFrameworksBuildPhase;
			buildActionMask = 2147483647;
			files = (
				089426FC20B1B9E300A4B6FF /* KeyedCodable.framework in Frameworks */,
			);
			runOnlyForDeploymentPostprocessing = 0;
		};
		0894270B20B1BA0600A4B6FF /* Frameworks */ = {
			isa = PBXFrameworksBuildPhase;
			buildActionMask = 2147483647;
			files = (
			);
			runOnlyForDeploymentPostprocessing = 0;
		};
		0894271420B1BA0700A4B6FF /* Frameworks */ = {
			isa = PBXFrameworksBuildPhase;
			buildActionMask = 2147483647;
			files = (
				0894271820B1BA0700A4B6FF /* KeyedCodable.framework in Frameworks */,
			);
			runOnlyForDeploymentPostprocessing = 0;
		};
/* End PBXFrameworksBuildPhase section */

/* Begin PBXGroup section */
		0889DB4A20699EA8008A0A13 = {
			isa = PBXGroup;
			children = (
				0889DB5620699EA8008A0A13 /* KeyedCodable */,
				0889DB6120699EA8008A0A13 /* KeyedCodableTests */,
				0889DB5520699EA8008A0A13 /* Products */,
			);
			sourceTree = "<group>";
		};
		0889DB5520699EA8008A0A13 /* Products */ = {
			isa = PBXGroup;
			children = (
				0889DB5420699EA8008A0A13 /* KeyedCodable.framework */,
				0889DB5D20699EA8008A0A13 /* KeyedCodableTests-iOS.xctest */,
				089426E620B1B87900A4B6FF /* KeyedCodable.framework */,
				089426F320B1B9E300A4B6FF /* KeyedCodable.framework */,
				089426FB20B1B9E300A4B6FF /* KeyedCodable-tvOSTests.xctest */,
				0894270F20B1BA0600A4B6FF /* KeyedCodable.framework */,
				0894271720B1BA0700A4B6FF /* KeyedCodable-macOSTests.xctest */,
			);
			name = Products;
			sourceTree = "<group>";
		};
		0889DB5620699EA8008A0A13 /* KeyedCodable */ = {
			isa = PBXGroup;
			children = (
				0889DB8820699FB6008A0A13 /* Sources */,
				0889DB5720699EA8008A0A13 /* KeyedCodable.h */,
				0889DB5820699EA8008A0A13 /* Info.plist */,
			);
			path = KeyedCodable;
			sourceTree = "<group>";
		};
		0889DB6120699EA8008A0A13 /* KeyedCodableTests */ = {
			isa = PBXGroup;
			children = (
				0823925420A56B6C006C45B2 /* InnerTests.swift */,
				0823925620A56CED006C45B2 /* FlatTests.swift */,
				0823925820A56DB3006C45B2 /* OptionalArrayElementTests.swift */,
				08DC29BB207BF444008B9726 /* AllKeysTests.swift */,
				0823925A20A56EC1006C45B2 /* KeyOptionsTests.swift */,
				0889DB6220699EA8008A0A13 /* KeyedCodableTests.swift */,
				08DCCEE222E9F4C100C5018D /* DecodePathTest.swift */,
				08276C3C232AEC0C0030C9B2 /* ExtensionTests.swift */,
				088D83412349ECD600642B31 /* ZeroDecodableTests.swift */,
				088D83452349ECF700642B31 /* TransformersTests.swift */,
				086C497320BAEBFA008DB20C /* CHANGELOG.md */,
				0807903020A9062C0023C651 /* README.md */,
				0889DB6420699EA8008A0A13 /* Info.plist */,
				08942A0320B1F4C700A4B6FF /* KeyedCodable.podspec */,
			);
			path = KeyedCodableTests;
			sourceTree = "<group>";
		};
		0889DB8820699FB6008A0A13 /* Sources */ = {
			isa = PBXGroup;
			children = (
				08FD6ED82279F5BA007E4D59 /* KeyedKey.swift */,
				0889DB9C2069A2F5008A0A13 /* KeyedConfig.swift */,
				0889DB8920699FF0008A0A13 /* KeyedJSONEncoder.swift */,
				0889DB8B2069A01E008A0A13 /* KeyedJSONDecoder.swift */,
				088D833723490CFF00642B31 /* Transformers.swift */,
				088D833C23494A8600642B31 /* ZeroDecodable.swift */,
				0889DB902069A1A3008A0A13 /* AnyKey.swift */,
				0889DB9F2069A344008A0A13 /* Helpers.swift */,
			);
			path = Sources;
			sourceTree = "<group>";
		};
/* End PBXGroup section */

/* Begin PBXHeadersBuildPhase section */
		0889DB5120699EA8008A0A13 /* Headers */ = {
			isa = PBXHeadersBuildPhase;
			buildActionMask = 2147483647;
			files = (
				0889DB6520699EA8008A0A13 /* KeyedCodable.h in Headers */,
			);
			runOnlyForDeploymentPostprocessing = 0;
		};
		089426E320B1B87900A4B6FF /* Headers */ = {
			isa = PBXHeadersBuildPhase;
			buildActionMask = 2147483647;
			files = (
				0894274F20B1BA7B00A4B6FF /* KeyedCodable.h in Headers */,
			);
			runOnlyForDeploymentPostprocessing = 0;
		};
		089426F020B1B9E300A4B6FF /* Headers */ = {
			isa = PBXHeadersBuildPhase;
			buildActionMask = 2147483647;
			files = (
				0894275020B1BA7B00A4B6FF /* KeyedCodable.h in Headers */,
			);
			runOnlyForDeploymentPostprocessing = 0;
		};
		0894270C20B1BA0600A4B6FF /* Headers */ = {
			isa = PBXHeadersBuildPhase;
			buildActionMask = 2147483647;
			files = (
				0894275120B1BA8300A4B6FF /* KeyedCodable.h in Headers */,
			);
			runOnlyForDeploymentPostprocessing = 0;
		};
/* End PBXHeadersBuildPhase section */

/* Begin PBXNativeTarget section */
		0889DB5320699EA8008A0A13 /* KeyedCodable-iOS */ = {
			isa = PBXNativeTarget;
			buildConfigurationList = 0889DB6820699EA8008A0A13 /* Build configuration list for PBXNativeTarget "KeyedCodable-iOS" */;
			buildPhases = (
				0889DB4F20699EA8008A0A13 /* Sources */,
				0889DB5020699EA8008A0A13 /* Frameworks */,
				0889DB5120699EA8008A0A13 /* Headers */,
				0889DB5220699EA8008A0A13 /* Resources */,
			);
			buildRules = (
			);
			dependencies = (
			);
			name = "KeyedCodable-iOS";
			productName = KeyedCoder;
			productReference = 0889DB5420699EA8008A0A13 /* KeyedCodable.framework */;
			productType = "com.apple.product-type.framework";
		};
		0889DB5C20699EA8008A0A13 /* KeyedCodableTests-iOS */ = {
			isa = PBXNativeTarget;
			buildConfigurationList = 0889DB6B20699EA8008A0A13 /* Build configuration list for PBXNativeTarget "KeyedCodableTests-iOS" */;
			buildPhases = (
				0889DB5920699EA8008A0A13 /* Sources */,
				0889DB5A20699EA8008A0A13 /* Frameworks */,
				0889DB5B20699EA8008A0A13 /* Resources */,
			);
			buildRules = (
			);
			dependencies = (
				0889DB6020699EA8008A0A13 /* PBXTargetDependency */,
			);
			name = "KeyedCodableTests-iOS";
			productName = KeyedCoderTests;
			productReference = 0889DB5D20699EA8008A0A13 /* KeyedCodableTests-iOS.xctest */;
			productType = "com.apple.product-type.bundle.unit-test";
		};
		089426E520B1B87900A4B6FF /* KeyedCodable-watchOS */ = {
			isa = PBXNativeTarget;
			buildConfigurationList = 089426EB20B1B87900A4B6FF /* Build configuration list for PBXNativeTarget "KeyedCodable-watchOS" */;
			buildPhases = (
				089426E120B1B87900A4B6FF /* Sources */,
				089426E220B1B87900A4B6FF /* Frameworks */,
				089426E320B1B87900A4B6FF /* Headers */,
				089426E420B1B87900A4B6FF /* Resources */,
			);
			buildRules = (
			);
			dependencies = (
			);
			name = "KeyedCodable-watchOS";
			productName = "KeyedCodable-watchOS";
			productReference = 089426E620B1B87900A4B6FF /* KeyedCodable.framework */;
			productType = "com.apple.product-type.framework";
		};
		089426F220B1B9E300A4B6FF /* KeyedCodable-tvOS */ = {
			isa = PBXNativeTarget;
			buildConfigurationList = 0894270420B1B9E300A4B6FF /* Build configuration list for PBXNativeTarget "KeyedCodable-tvOS" */;
			buildPhases = (
				089426EE20B1B9E300A4B6FF /* Sources */,
				089426EF20B1B9E300A4B6FF /* Frameworks */,
				089426F020B1B9E300A4B6FF /* Headers */,
				089426F120B1B9E300A4B6FF /* Resources */,
			);
			buildRules = (
			);
			dependencies = (
			);
			name = "KeyedCodable-tvOS";
			productName = "KeyedCodable-tvOS";
			productReference = 089426F320B1B9E300A4B6FF /* KeyedCodable.framework */;
			productType = "com.apple.product-type.framework";
		};
		089426FA20B1B9E300A4B6FF /* KeyedCodable-tvOSTests */ = {
			isa = PBXNativeTarget;
			buildConfigurationList = 0894270720B1B9E300A4B6FF /* Build configuration list for PBXNativeTarget "KeyedCodable-tvOSTests" */;
			buildPhases = (
				089426F720B1B9E300A4B6FF /* Sources */,
				089426F820B1B9E300A4B6FF /* Frameworks */,
				089426F920B1B9E300A4B6FF /* Resources */,
			);
			buildRules = (
			);
			dependencies = (
				089426FE20B1B9E300A4B6FF /* PBXTargetDependency */,
			);
			name = "KeyedCodable-tvOSTests";
			productName = "KeyedCodable-tvOSTests";
			productReference = 089426FB20B1B9E300A4B6FF /* KeyedCodable-tvOSTests.xctest */;
			productType = "com.apple.product-type.bundle.unit-test";
		};
		0894270E20B1BA0600A4B6FF /* KeyedCodable-macOS */ = {
			isa = PBXNativeTarget;
			buildConfigurationList = 0894272020B1BA0700A4B6FF /* Build configuration list for PBXNativeTarget "KeyedCodable-macOS" */;
			buildPhases = (
				0894270A20B1BA0600A4B6FF /* Sources */,
				0894270B20B1BA0600A4B6FF /* Frameworks */,
				0894270C20B1BA0600A4B6FF /* Headers */,
				0894270D20B1BA0600A4B6FF /* Resources */,
			);
			buildRules = (
			);
			dependencies = (
			);
			name = "KeyedCodable-macOS";
			productName = "KeyedCodable-macOS";
			productReference = 0894270F20B1BA0600A4B6FF /* KeyedCodable.framework */;
			productType = "com.apple.product-type.framework";
		};
		0894271620B1BA0700A4B6FF /* KeyedCodable-macOSTests */ = {
			isa = PBXNativeTarget;
			buildConfigurationList = 0894272320B1BA0700A4B6FF /* Build configuration list for PBXNativeTarget "KeyedCodable-macOSTests" */;
			buildPhases = (
				0894271320B1BA0700A4B6FF /* Sources */,
				0894271420B1BA0700A4B6FF /* Frameworks */,
				0894271520B1BA0700A4B6FF /* Resources */,
			);
			buildRules = (
			);
			dependencies = (
				0894271A20B1BA0700A4B6FF /* PBXTargetDependency */,
			);
			name = "KeyedCodable-macOSTests";
			productName = "KeyedCodable-macOSTests";
			productReference = 0894271720B1BA0700A4B6FF /* KeyedCodable-macOSTests.xctest */;
			productType = "com.apple.product-type.bundle.unit-test";
		};
/* End PBXNativeTarget section */

/* Begin PBXProject section */
		0889DB4B20699EA8008A0A13 /* Project object */ = {
			isa = PBXProject;
			attributes = {
				LastSwiftUpdateCheck = 0930;
				LastUpgradeCheck = 0930;
				TargetAttributes = {
					0889DB5320699EA8008A0A13 = {
						CreatedOnToolsVersion = 9.2;
						LastSwiftMigration = 1020;
						ProvisioningStyle = Automatic;
					};
					0889DB5C20699EA8008A0A13 = {
						CreatedOnToolsVersion = 9.2;
						LastSwiftMigration = 1020;
						ProvisioningStyle = Automatic;
					};
					089426E520B1B87900A4B6FF = {
						CreatedOnToolsVersion = 9.3;
						ProvisioningStyle = Automatic;
					};
					089426F220B1B9E300A4B6FF = {
						CreatedOnToolsVersion = 9.3;
						ProvisioningStyle = Automatic;
					};
					089426FA20B1B9E300A4B6FF = {
						CreatedOnToolsVersion = 9.3;
						ProvisioningStyle = Automatic;
					};
					0894270E20B1BA0600A4B6FF = {
						CreatedOnToolsVersion = 9.3;
						ProvisioningStyle = Automatic;
					};
					0894271620B1BA0700A4B6FF = {
						CreatedOnToolsVersion = 9.3;
						ProvisioningStyle = Automatic;
					};
				};
			};
			buildConfigurationList = 0889DB4E20699EA8008A0A13 /* Build configuration list for PBXProject "KeyedCodable" */;
			compatibilityVersion = "Xcode 8.0";
			developmentRegion = en;
			hasScannedForEncodings = 0;
			knownRegions = (
				en,
				Base,
			);
			mainGroup = 0889DB4A20699EA8008A0A13;
			productRefGroup = 0889DB5520699EA8008A0A13 /* Products */;
			projectDirPath = "";
			projectRoot = "";
			targets = (
				0889DB5320699EA8008A0A13 /* KeyedCodable-iOS */,
				089426E520B1B87900A4B6FF /* KeyedCodable-watchOS */,
				089426F220B1B9E300A4B6FF /* KeyedCodable-tvOS */,
				0894270E20B1BA0600A4B6FF /* KeyedCodable-macOS */,
				0889DB5C20699EA8008A0A13 /* KeyedCodableTests-iOS */,
				089426FA20B1B9E300A4B6FF /* KeyedCodable-tvOSTests */,
				0894271620B1BA0700A4B6FF /* KeyedCodable-macOSTests */,
			);
		};
/* End PBXProject section */

/* Begin PBXResourcesBuildPhase section */
		0889DB5220699EA8008A0A13 /* Resources */ = {
			isa = PBXResourcesBuildPhase;
			buildActionMask = 2147483647;
			files = (
			);
			runOnlyForDeploymentPostprocessing = 0;
		};
		0889DB5B20699EA8008A0A13 /* Resources */ = {
			isa = PBXResourcesBuildPhase;
			buildActionMask = 2147483647;
			files = (
			);
			runOnlyForDeploymentPostprocessing = 0;
		};
		089426E420B1B87900A4B6FF /* Resources */ = {
			isa = PBXResourcesBuildPhase;
			buildActionMask = 2147483647;
			files = (
			);
			runOnlyForDeploymentPostprocessing = 0;
		};
		089426F120B1B9E300A4B6FF /* Resources */ = {
			isa = PBXResourcesBuildPhase;
			buildActionMask = 2147483647;
			files = (
			);
			runOnlyForDeploymentPostprocessing = 0;
		};
		089426F920B1B9E300A4B6FF /* Resources */ = {
			isa = PBXResourcesBuildPhase;
			buildActionMask = 2147483647;
			files = (
			);
			runOnlyForDeploymentPostprocessing = 0;
		};
		0894270D20B1BA0600A4B6FF /* Resources */ = {
			isa = PBXResourcesBuildPhase;
			buildActionMask = 2147483647;
			files = (
			);
			runOnlyForDeploymentPostprocessing = 0;
		};
		0894271520B1BA0700A4B6FF /* Resources */ = {
			isa = PBXResourcesBuildPhase;
			buildActionMask = 2147483647;
			files = (
			);
			runOnlyForDeploymentPostprocessing = 0;
		};
/* End PBXResourcesBuildPhase section */

/* Begin PBXSourcesBuildPhase section */
		0889DB4F20699EA8008A0A13 /* Sources */ = {
			isa = PBXSourcesBuildPhase;
			buildActionMask = 2147483647;
			files = (
				088D833823490CFF00642B31 /* Transformers.swift in Sources */,
				088D833D23494A8600642B31 /* ZeroDecodable.swift in Sources */,
				0889DB8C2069A01E008A0A13 /* KeyedJSONDecoder.swift in Sources */,
				08FD6ED92279F5BA007E4D59 /* KeyedKey.swift in Sources */,
				0889DB9D2069A2F5008A0A13 /* KeyedConfig.swift in Sources */,
				0889DBA02069A344008A0A13 /* Helpers.swift in Sources */,
				0889DB912069A1A3008A0A13 /* AnyKey.swift in Sources */,
				0889DB8A20699FF0008A0A13 /* KeyedJSONEncoder.swift in Sources */,
			);
			runOnlyForDeploymentPostprocessing = 0;
		};
		0889DB5920699EA8008A0A13 /* Sources */ = {
			isa = PBXSourcesBuildPhase;
			buildActionMask = 2147483647;
			files = (
				08FD6E642278C92A007E4D59 /* KeyOptionsTests.swift in Sources */,
				0838E8EB2267D5A70010A7ED /* AllKeysTests.swift in Sources */,
				08DCCEE322E9F4C100C5018D /* DecodePathTest.swift in Sources */,
				088D83422349ECD600642B31 /* ZeroDecodableTests.swift in Sources */,
				0838E8E12267D5070010A7ED /* FlatTests.swift in Sources */,
				0899CEAA22354CAE000B7F9E /* KeyedCodableTests.swift in Sources */,
				08FD6E4F22746520007E4D59 /* OptionalArrayElementTests.swift in Sources */,
				088D83462349ECF700642B31 /* TransformersTests.swift in Sources */,
				0823925520A56B6C006C45B2 /* InnerTests.swift in Sources */,
				08276C3D232AEC0C0030C9B2 /* ExtensionTests.swift in Sources */,
			);
			runOnlyForDeploymentPostprocessing = 0;
		};
		089426E120B1B87900A4B6FF /* Sources */ = {
			isa = PBXSourcesBuildPhase;
			buildActionMask = 2147483647;
			files = (
				088D833923490CFF00642B31 /* Transformers.swift in Sources */,
				088D833E23494A8600642B31 /* ZeroDecodable.swift in Sources */,
				0894272C20B1BA7100A4B6FF /* AnyKey.swift in Sources */,
				08FD6EDA2279F5BA007E4D59 /* KeyedKey.swift in Sources */,
				0894272620B1BA7100A4B6FF /* KeyedConfig.swift in Sources */,
				0894272D20B1BA7100A4B6FF /* Helpers.swift in Sources */,
				0894272A20B1BA7100A4B6FF /* KeyedJSONDecoder.swift in Sources */,
				0894272920B1BA7100A4B6FF /* KeyedJSONEncoder.swift in Sources */,
			);
			runOnlyForDeploymentPostprocessing = 0;
		};
		089426EE20B1B9E300A4B6FF /* Sources */ = {
			isa = PBXSourcesBuildPhase;
			buildActionMask = 2147483647;
			files = (
				088D833A23490CFF00642B31 /* Transformers.swift in Sources */,
				088D833F23494A8600642B31 /* ZeroDecodable.swift in Sources */,
				0894273420B1BA7200A4B6FF /* AnyKey.swift in Sources */,
				08FD6EDB2279F5BA007E4D59 /* KeyedKey.swift in Sources */,
				0894272E20B1BA7200A4B6FF /* KeyedConfig.swift in Sources */,
				0894273520B1BA7200A4B6FF /* Helpers.swift in Sources */,
				0894273220B1BA7200A4B6FF /* KeyedJSONDecoder.swift in Sources */,
				0894273120B1BA7200A4B6FF /* KeyedJSONEncoder.swift in Sources */,
			);
			runOnlyForDeploymentPostprocessing = 0;
		};
		089426F720B1B9E300A4B6FF /* Sources */ = {
			isa = PBXSourcesBuildPhase;
			buildActionMask = 2147483647;
			files = (
				0894275220B1BA8E00A4B6FF /* InnerTests.swift in Sources */,
				088D83432349ECD600642B31 /* ZeroDecodableTests.swift in Sources */,
				0894275520B1BA8E00A4B6FF /* AllKeysTests.swift in Sources */,
				08DCCEE422E9F4C100C5018D /* DecodePathTest.swift in Sources */,
				0894275420B1BA8E00A4B6FF /* OptionalArrayElementTests.swift in Sources */,
				0894275720B1BA8E00A4B6FF /* KeyedCodableTests.swift in Sources */,
				088D83472349ECF700642B31 /* TransformersTests.swift in Sources */,
				0894275620B1BA8E00A4B6FF /* KeyOptionsTests.swift in Sources */,
				0894275320B1BA8E00A4B6FF /* FlatTests.swift in Sources */,
			);
			runOnlyForDeploymentPostprocessing = 0;
		};
		0894270A20B1BA0600A4B6FF /* Sources */ = {
			isa = PBXSourcesBuildPhase;
			buildActionMask = 2147483647;
			files = (
				088D833B23490CFF00642B31 /* Transformers.swift in Sources */,
				088D834023494A8600642B31 /* ZeroDecodable.swift in Sources */,
				0894274420B1BA7300A4B6FF /* AnyKey.swift in Sources */,
				08FD6EDC2279F5BA007E4D59 /* KeyedKey.swift in Sources */,
				0894273E20B1BA7300A4B6FF /* KeyedConfig.swift in Sources */,
				0894274520B1BA7300A4B6FF /* Helpers.swift in Sources */,
				0894274220B1BA7300A4B6FF /* KeyedJSONDecoder.swift in Sources */,
				0894274120B1BA7300A4B6FF /* KeyedJSONEncoder.swift in Sources */,
			);
			runOnlyForDeploymentPostprocessing = 0;
		};
		0894271320B1BA0700A4B6FF /* Sources */ = {
			isa = PBXSourcesBuildPhase;
			buildActionMask = 2147483647;
			files = (
				0894275820B1BA8F00A4B6FF /* InnerTests.swift in Sources */,
				088D83442349ECD600642B31 /* ZeroDecodableTests.swift in Sources */,
				0894275B20B1BA8F00A4B6FF /* AllKeysTests.swift in Sources */,
				08DCCEE522E9F4C100C5018D /* DecodePathTest.swift in Sources */,
				0894275A20B1BA8F00A4B6FF /* OptionalArrayElementTests.swift in Sources */,
				0894275D20B1BA8F00A4B6FF /* KeyedCodableTests.swift in Sources */,
				088D83482349ECF700642B31 /* TransformersTests.swift in Sources */,
				0894275C20B1BA8F00A4B6FF /* KeyOptionsTests.swift in Sources */,
				0894275920B1BA8F00A4B6FF /* FlatTests.swift in Sources */,
			);
			runOnlyForDeploymentPostprocessing = 0;
		};
/* End PBXSourcesBuildPhase section */

/* Begin PBXTargetDependency section */
		0889DB6020699EA8008A0A13 /* PBXTargetDependency */ = {
			isa = PBXTargetDependency;
			target = 0889DB5320699EA8008A0A13 /* KeyedCodable-iOS */;
			targetProxy = 0889DB5F20699EA8008A0A13 /* PBXContainerItemProxy */;
		};
		089426FE20B1B9E300A4B6FF /* PBXTargetDependency */ = {
			isa = PBXTargetDependency;
			target = 089426F220B1B9E300A4B6FF /* KeyedCodable-tvOS */;
			targetProxy = 089426FD20B1B9E300A4B6FF /* PBXContainerItemProxy */;
		};
		0894271A20B1BA0700A4B6FF /* PBXTargetDependency */ = {
			isa = PBXTargetDependency;
			target = 0894270E20B1BA0600A4B6FF /* KeyedCodable-macOS */;
			targetProxy = 0894271920B1BA0700A4B6FF /* PBXContainerItemProxy */;
		};
/* End PBXTargetDependency section */

/* Begin XCBuildConfiguration section */
		0889DB6620699EA8008A0A13 /* Debug */ = {
			isa = XCBuildConfiguration;
			buildSettings = {
				ALWAYS_SEARCH_USER_PATHS = NO;
				CLANG_ANALYZER_NONNULL = YES;
				CLANG_ANALYZER_NUMBER_OBJECT_CONVERSION = YES_AGGRESSIVE;
				CLANG_CXX_LANGUAGE_STANDARD = "gnu++14";
				CLANG_CXX_LIBRARY = "libc++";
				CLANG_ENABLE_MODULES = YES;
				CLANG_ENABLE_OBJC_ARC = YES;
				CLANG_WARN_BLOCK_CAPTURE_AUTORELEASING = YES;
				CLANG_WARN_BOOL_CONVERSION = YES;
				CLANG_WARN_COMMA = YES;
				CLANG_WARN_CONSTANT_CONVERSION = YES;
				CLANG_WARN_DEPRECATED_OBJC_IMPLEMENTATIONS = YES;
				CLANG_WARN_DIRECT_OBJC_ISA_USAGE = YES_ERROR;
				CLANG_WARN_DOCUMENTATION_COMMENTS = YES;
				CLANG_WARN_EMPTY_BODY = YES;
				CLANG_WARN_ENUM_CONVERSION = YES;
				CLANG_WARN_INFINITE_RECURSION = YES;
				CLANG_WARN_INT_CONVERSION = YES;
				CLANG_WARN_NON_LITERAL_NULL_CONVERSION = YES;
				CLANG_WARN_OBJC_IMPLICIT_RETAIN_SELF = YES;
				CLANG_WARN_OBJC_LITERAL_CONVERSION = YES;
				CLANG_WARN_OBJC_ROOT_CLASS = YES_ERROR;
				CLANG_WARN_RANGE_LOOP_ANALYSIS = YES;
				CLANG_WARN_STRICT_PROTOTYPES = YES;
				CLANG_WARN_SUSPICIOUS_MOVE = YES;
				CLANG_WARN_UNGUARDED_AVAILABILITY = YES_AGGRESSIVE;
				CLANG_WARN_UNREACHABLE_CODE = YES;
				CLANG_WARN__DUPLICATE_METHOD_MATCH = YES;
				CODE_SIGN_IDENTITY = "iPhone Developer";
				COPY_PHASE_STRIP = NO;
				CURRENT_PROJECT_VERSION = 1;
				DEBUG_INFORMATION_FORMAT = dwarf;
				ENABLE_STRICT_OBJC_MSGSEND = YES;
				ENABLE_TESTABILITY = YES;
				GCC_C_LANGUAGE_STANDARD = gnu11;
				GCC_DYNAMIC_NO_PIC = NO;
				GCC_NO_COMMON_BLOCKS = YES;
				GCC_OPTIMIZATION_LEVEL = 0;
				GCC_PREPROCESSOR_DEFINITIONS = (
					"DEBUG=1",
					"$(inherited)",
				);
				GCC_WARN_64_TO_32_BIT_CONVERSION = YES;
				GCC_WARN_ABOUT_RETURN_TYPE = YES_ERROR;
				GCC_WARN_UNDECLARED_SELECTOR = YES;
				GCC_WARN_UNINITIALIZED_AUTOS = YES_AGGRESSIVE;
				GCC_WARN_UNUSED_FUNCTION = YES;
				GCC_WARN_UNUSED_VARIABLE = YES;
				IPHONEOS_DEPLOYMENT_TARGET = 8.0;
				MTL_ENABLE_DEBUG_INFO = YES;
				ONLY_ACTIVE_ARCH = YES;
				SDKROOT = iphoneos;
				SWIFT_ACTIVE_COMPILATION_CONDITIONS = DEBUG;
				SWIFT_OPTIMIZATION_LEVEL = "-Onone";
				VERSIONING_SYSTEM = "apple-generic";
				VERSION_INFO_PREFIX = "";
			};
			name = Debug;
		};
		0889DB6720699EA8008A0A13 /* Release */ = {
			isa = XCBuildConfiguration;
			buildSettings = {
				ALWAYS_SEARCH_USER_PATHS = NO;
				CLANG_ANALYZER_NONNULL = YES;
				CLANG_ANALYZER_NUMBER_OBJECT_CONVERSION = YES_AGGRESSIVE;
				CLANG_CXX_LANGUAGE_STANDARD = "gnu++14";
				CLANG_CXX_LIBRARY = "libc++";
				CLANG_ENABLE_MODULES = YES;
				CLANG_ENABLE_OBJC_ARC = YES;
				CLANG_WARN_BLOCK_CAPTURE_AUTORELEASING = YES;
				CLANG_WARN_BOOL_CONVERSION = YES;
				CLANG_WARN_COMMA = YES;
				CLANG_WARN_CONSTANT_CONVERSION = YES;
				CLANG_WARN_DEPRECATED_OBJC_IMPLEMENTATIONS = YES;
				CLANG_WARN_DIRECT_OBJC_ISA_USAGE = YES_ERROR;
				CLANG_WARN_DOCUMENTATION_COMMENTS = YES;
				CLANG_WARN_EMPTY_BODY = YES;
				CLANG_WARN_ENUM_CONVERSION = YES;
				CLANG_WARN_INFINITE_RECURSION = YES;
				CLANG_WARN_INT_CONVERSION = YES;
				CLANG_WARN_NON_LITERAL_NULL_CONVERSION = YES;
				CLANG_WARN_OBJC_IMPLICIT_RETAIN_SELF = YES;
				CLANG_WARN_OBJC_LITERAL_CONVERSION = YES;
				CLANG_WARN_OBJC_ROOT_CLASS = YES_ERROR;
				CLANG_WARN_RANGE_LOOP_ANALYSIS = YES;
				CLANG_WARN_STRICT_PROTOTYPES = YES;
				CLANG_WARN_SUSPICIOUS_MOVE = YES;
				CLANG_WARN_UNGUARDED_AVAILABILITY = YES_AGGRESSIVE;
				CLANG_WARN_UNREACHABLE_CODE = YES;
				CLANG_WARN__DUPLICATE_METHOD_MATCH = YES;
				CODE_SIGN_IDENTITY = "iPhone Developer";
				COPY_PHASE_STRIP = NO;
				CURRENT_PROJECT_VERSION = 1;
				DEBUG_INFORMATION_FORMAT = "dwarf-with-dsym";
				ENABLE_NS_ASSERTIONS = NO;
				ENABLE_STRICT_OBJC_MSGSEND = YES;
				GCC_C_LANGUAGE_STANDARD = gnu11;
				GCC_NO_COMMON_BLOCKS = YES;
				GCC_WARN_64_TO_32_BIT_CONVERSION = YES;
				GCC_WARN_ABOUT_RETURN_TYPE = YES_ERROR;
				GCC_WARN_UNDECLARED_SELECTOR = YES;
				GCC_WARN_UNINITIALIZED_AUTOS = YES_AGGRESSIVE;
				GCC_WARN_UNUSED_FUNCTION = YES;
				GCC_WARN_UNUSED_VARIABLE = YES;
				IPHONEOS_DEPLOYMENT_TARGET = 8.0;
				MTL_ENABLE_DEBUG_INFO = NO;
				SDKROOT = iphoneos;
				SWIFT_OPTIMIZATION_LEVEL = "-Owholemodule";
				VALIDATE_PRODUCT = YES;
				VERSIONING_SYSTEM = "apple-generic";
				VERSION_INFO_PREFIX = "";
			};
			name = Release;
		};
		0889DB6920699EA8008A0A13 /* Debug */ = {
			isa = XCBuildConfiguration;
			buildSettings = {
				CLANG_ENABLE_MODULES = YES;
				CODE_SIGN_IDENTITY = "";
				CODE_SIGN_STYLE = Automatic;
				DEFINES_MODULE = YES;
				DYLIB_COMPATIBILITY_VERSION = 1;
				DYLIB_CURRENT_VERSION = 1;
				DYLIB_INSTALL_NAME_BASE = "@rpath";
				INFOPLIST_FILE = KeyedCodable/Info.plist;
				INSTALL_PATH = "$(LOCAL_LIBRARY_DIR)/Frameworks";
				LD_RUNPATH_SEARCH_PATHS = "$(inherited) @executable_path/Frameworks @loader_path/Frameworks";
				PRODUCT_BUNDLE_IDENTIFIER = com.dg.KeyedCodable;
				PRODUCT_MODULE_NAME = KeyedCodable;
				PRODUCT_NAME = KeyedCodable;
				SKIP_INSTALL = YES;
				SWIFT_OPTIMIZATION_LEVEL = "-Onone";
				SWIFT_VERSION = 5.0;
				TARGETED_DEVICE_FAMILY = "1,2";
			};
			name = Debug;
		};
		0889DB6A20699EA8008A0A13 /* Release */ = {
			isa = XCBuildConfiguration;
			buildSettings = {
				CLANG_ENABLE_MODULES = YES;
				CODE_SIGN_IDENTITY = "";
				CODE_SIGN_STYLE = Automatic;
				DEFINES_MODULE = YES;
				DYLIB_COMPATIBILITY_VERSION = 1;
				DYLIB_CURRENT_VERSION = 1;
				DYLIB_INSTALL_NAME_BASE = "@rpath";
				INFOPLIST_FILE = KeyedCodable/Info.plist;
				INSTALL_PATH = "$(LOCAL_LIBRARY_DIR)/Frameworks";
				LD_RUNPATH_SEARCH_PATHS = "$(inherited) @executable_path/Frameworks @loader_path/Frameworks";
				PRODUCT_BUNDLE_IDENTIFIER = com.dg.KeyedCodable;
				PRODUCT_MODULE_NAME = KeyedCodable;
				PRODUCT_NAME = KeyedCodable;
				SKIP_INSTALL = YES;
				SWIFT_VERSION = 5.0;
				TARGETED_DEVICE_FAMILY = "1,2";
			};
			name = Release;
		};
		0889DB6C20699EA8008A0A13 /* Debug */ = {
			isa = XCBuildConfiguration;
			buildSettings = {
				ALWAYS_EMBED_SWIFT_STANDARD_LIBRARIES = YES;
				CODE_SIGN_STYLE = Automatic;
				INFOPLIST_FILE = KeyedCodableTests/Info.plist;
				LD_RUNPATH_SEARCH_PATHS = "$(inherited) @executable_path/Frameworks @loader_path/Frameworks";
				PRODUCT_BUNDLE_IDENTIFIER = com.dgrzeszczak.KeyedCodableTests;
				PRODUCT_NAME = "$(TARGET_NAME)";
				SWIFT_VERSION = 5.0;
				TARGETED_DEVICE_FAMILY = "1,2";
			};
			name = Debug;
		};
		0889DB6D20699EA8008A0A13 /* Release */ = {
			isa = XCBuildConfiguration;
			buildSettings = {
				ALWAYS_EMBED_SWIFT_STANDARD_LIBRARIES = YES;
				CODE_SIGN_STYLE = Automatic;
				INFOPLIST_FILE = KeyedCodableTests/Info.plist;
				LD_RUNPATH_SEARCH_PATHS = "$(inherited) @executable_path/Frameworks @loader_path/Frameworks";
				PRODUCT_BUNDLE_IDENTIFIER = com.dgrzeszczak.KeyedCodableTests;
				PRODUCT_NAME = "$(TARGET_NAME)";
				SWIFT_VERSION = 5.0;
				TARGETED_DEVICE_FAMILY = "1,2";
			};
			name = Release;
		};
		089426EC20B1B87900A4B6FF /* Debug */ = {
			isa = XCBuildConfiguration;
			buildSettings = {
				APPLICATION_EXTENSION_API_ONLY = YES;
				CLANG_ENABLE_OBJC_WEAK = YES;
				CODE_SIGN_IDENTITY = "";
				CODE_SIGN_STYLE = Automatic;
				DEFINES_MODULE = YES;
				DYLIB_COMPATIBILITY_VERSION = 1;
				DYLIB_CURRENT_VERSION = 1;
				DYLIB_INSTALL_NAME_BASE = "@rpath";
				INFOPLIST_FILE = KeyedCodable/Info.plist;
				INSTALL_PATH = "$(LOCAL_LIBRARY_DIR)/Frameworks";
				LD_RUNPATH_SEARCH_PATHS = "$(inherited) @executable_path/Frameworks @loader_path/Frameworks";
				PRODUCT_BUNDLE_IDENTIFIER = com.dg.KeyedCodable;
				PRODUCT_MODULE_NAME = KeyedCodable;
				PRODUCT_NAME = KeyedCodable;
				SDKROOT = watchos;
				SKIP_INSTALL = YES;
				SWIFT_VERSION = 4.0;
				TARGETED_DEVICE_FAMILY = 4;
				WATCHOS_DEPLOYMENT_TARGET = 2.0;
			};
			name = Debug;
		};
		089426ED20B1B87900A4B6FF /* Release */ = {
			isa = XCBuildConfiguration;
			buildSettings = {
				APPLICATION_EXTENSION_API_ONLY = YES;
				CLANG_ENABLE_OBJC_WEAK = YES;
				CODE_SIGN_IDENTITY = "";
				CODE_SIGN_STYLE = Automatic;
				DEFINES_MODULE = YES;
				DYLIB_COMPATIBILITY_VERSION = 1;
				DYLIB_CURRENT_VERSION = 1;
				DYLIB_INSTALL_NAME_BASE = "@rpath";
				INFOPLIST_FILE = KeyedCodable/Info.plist;
				INSTALL_PATH = "$(LOCAL_LIBRARY_DIR)/Frameworks";
				LD_RUNPATH_SEARCH_PATHS = "$(inherited) @executable_path/Frameworks @loader_path/Frameworks";
				PRODUCT_BUNDLE_IDENTIFIER = com.dg.KeyedCodable;
				PRODUCT_MODULE_NAME = KeyedCodable;
				PRODUCT_NAME = KeyedCodable;
				SDKROOT = watchos;
				SKIP_INSTALL = YES;
				SWIFT_VERSION = 4.0;
				TARGETED_DEVICE_FAMILY = 4;
				WATCHOS_DEPLOYMENT_TARGET = 2.0;
			};
			name = Release;
		};
		0894270520B1B9E300A4B6FF /* Debug */ = {
			isa = XCBuildConfiguration;
			buildSettings = {
				CLANG_ENABLE_OBJC_WEAK = YES;
				CODE_SIGN_IDENTITY = "";
				CODE_SIGN_STYLE = Automatic;
				DEFINES_MODULE = YES;
				DYLIB_COMPATIBILITY_VERSION = 1;
				DYLIB_CURRENT_VERSION = 1;
				DYLIB_INSTALL_NAME_BASE = "@rpath";
				INFOPLIST_FILE = KeyedCodable/Info.plist;
				INSTALL_PATH = "$(LOCAL_LIBRARY_DIR)/Frameworks";
				LD_RUNPATH_SEARCH_PATHS = "$(inherited) @executable_path/Frameworks @loader_path/Frameworks";
				PRODUCT_BUNDLE_IDENTIFIER = com.dg.KeyedCodable;
				PRODUCT_MODULE_NAME = KeyedCodable;
				PRODUCT_NAME = KeyedCodable;
				SDKROOT = appletvos;
				SKIP_INSTALL = YES;
				SWIFT_VERSION = 4.0;
				TARGETED_DEVICE_FAMILY = 3;
				TVOS_DEPLOYMENT_TARGET = 9.0;
			};
			name = Debug;
		};
		0894270620B1B9E300A4B6FF /* Release */ = {
			isa = XCBuildConfiguration;
			buildSettings = {
				CLANG_ENABLE_OBJC_WEAK = YES;
				CODE_SIGN_IDENTITY = "";
				CODE_SIGN_STYLE = Automatic;
				DEFINES_MODULE = YES;
				DYLIB_COMPATIBILITY_VERSION = 1;
				DYLIB_CURRENT_VERSION = 1;
				DYLIB_INSTALL_NAME_BASE = "@rpath";
				INFOPLIST_FILE = KeyedCodable/Info.plist;
				INSTALL_PATH = "$(LOCAL_LIBRARY_DIR)/Frameworks";
				LD_RUNPATH_SEARCH_PATHS = "$(inherited) @executable_path/Frameworks @loader_path/Frameworks";
				PRODUCT_BUNDLE_IDENTIFIER = com.dg.KeyedCodable;
				PRODUCT_MODULE_NAME = KeyedCodable;
				PRODUCT_NAME = KeyedCodable;
				SDKROOT = appletvos;
				SKIP_INSTALL = YES;
				SWIFT_VERSION = 4.0;
				TARGETED_DEVICE_FAMILY = 3;
				TVOS_DEPLOYMENT_TARGET = 9.0;
			};
			name = Release;
		};
		0894270820B1B9E300A4B6FF /* Debug */ = {
			isa = XCBuildConfiguration;
			buildSettings = {
				ALWAYS_EMBED_SWIFT_STANDARD_LIBRARIES = YES;
				CLANG_ENABLE_OBJC_WEAK = YES;
				CODE_SIGN_STYLE = Automatic;
				INFOPLIST_FILE = KeyedCodableTests/Info.plist;
				LD_RUNPATH_SEARCH_PATHS = "$(inherited) @executable_path/Frameworks @loader_path/Frameworks";
				PRODUCT_BUNDLE_IDENTIFIER = "com.db.KeyedCodable-tvOSTests";
				PRODUCT_NAME = "$(TARGET_NAME)";
				SDKROOT = appletvos;
				SWIFT_VERSION = 4.0;
				TARGETED_DEVICE_FAMILY = 3;
				TVOS_DEPLOYMENT_TARGET = 11.3;
			};
			name = Debug;
		};
		0894270920B1B9E300A4B6FF /* Release */ = {
			isa = XCBuildConfiguration;
			buildSettings = {
				ALWAYS_EMBED_SWIFT_STANDARD_LIBRARIES = YES;
				CLANG_ENABLE_OBJC_WEAK = YES;
				CODE_SIGN_STYLE = Automatic;
				INFOPLIST_FILE = KeyedCodableTests/Info.plist;
				LD_RUNPATH_SEARCH_PATHS = "$(inherited) @executable_path/Frameworks @loader_path/Frameworks";
				PRODUCT_BUNDLE_IDENTIFIER = "com.db.KeyedCodable-tvOSTests";
				PRODUCT_NAME = "$(TARGET_NAME)";
				SDKROOT = appletvos;
				SWIFT_VERSION = 4.0;
				TARGETED_DEVICE_FAMILY = 3;
				TVOS_DEPLOYMENT_TARGET = 11.3;
			};
			name = Release;
		};
		0894272120B1BA0700A4B6FF /* Debug */ = {
			isa = XCBuildConfiguration;
			buildSettings = {
				CLANG_ENABLE_OBJC_WEAK = YES;
				CODE_SIGN_IDENTITY = "-";
				CODE_SIGN_STYLE = Automatic;
				COMBINE_HIDPI_IMAGES = YES;
				DEFINES_MODULE = YES;
				DYLIB_COMPATIBILITY_VERSION = 1;
				DYLIB_CURRENT_VERSION = 1;
				DYLIB_INSTALL_NAME_BASE = "@rpath";
				FRAMEWORK_VERSION = A;
				INFOPLIST_FILE = KeyedCodable/Info.plist;
				INSTALL_PATH = "$(LOCAL_LIBRARY_DIR)/Frameworks";
				LD_RUNPATH_SEARCH_PATHS = "$(inherited) @executable_path/../Frameworks @loader_path/Frameworks";
				MACOSX_DEPLOYMENT_TARGET = 10.9;
				PRODUCT_BUNDLE_IDENTIFIER = com.dg.KeyedCodable;
				PRODUCT_MODULE_NAME = KeyedCodable;
				PRODUCT_NAME = KeyedCodable;
				SDKROOT = macosx;
				SKIP_INSTALL = YES;
				SWIFT_VERSION = 4.0;
			};
			name = Debug;
		};
		0894272220B1BA0700A4B6FF /* Release */ = {
			isa = XCBuildConfiguration;
			buildSettings = {
				CLANG_ENABLE_OBJC_WEAK = YES;
				CODE_SIGN_IDENTITY = "-";
				CODE_SIGN_STYLE = Automatic;
				COMBINE_HIDPI_IMAGES = YES;
				DEFINES_MODULE = YES;
				DYLIB_COMPATIBILITY_VERSION = 1;
				DYLIB_CURRENT_VERSION = 1;
				DYLIB_INSTALL_NAME_BASE = "@rpath";
				FRAMEWORK_VERSION = A;
				INFOPLIST_FILE = KeyedCodable/Info.plist;
				INSTALL_PATH = "$(LOCAL_LIBRARY_DIR)/Frameworks";
				LD_RUNPATH_SEARCH_PATHS = "$(inherited) @executable_path/../Frameworks @loader_path/Frameworks";
				MACOSX_DEPLOYMENT_TARGET = 10.9;
				PRODUCT_BUNDLE_IDENTIFIER = com.dg.KeyedCodable;
				PRODUCT_MODULE_NAME = KeyedCodable;
				PRODUCT_NAME = KeyedCodable;
				SDKROOT = macosx;
				SKIP_INSTALL = YES;
				SWIFT_VERSION = 4.0;
			};
			name = Release;
		};
		0894272420B1BA0700A4B6FF /* Debug */ = {
			isa = XCBuildConfiguration;
			buildSettings = {
				ALWAYS_EMBED_SWIFT_STANDARD_LIBRARIES = YES;
				CLANG_ENABLE_OBJC_WEAK = YES;
				CODE_SIGN_IDENTITY = "-";
				CODE_SIGN_STYLE = Automatic;
				COMBINE_HIDPI_IMAGES = YES;
				INFOPLIST_FILE = KeyedCodableTests/Info.plist;
				LD_RUNPATH_SEARCH_PATHS = "$(inherited) @executable_path/../Frameworks @loader_path/../Frameworks";
				MACOSX_DEPLOYMENT_TARGET = 10.13;
				PRODUCT_BUNDLE_IDENTIFIER = "com.db.KeyedCodable-macOSTests";
				PRODUCT_NAME = "$(TARGET_NAME)";
				SDKROOT = macosx;
				SWIFT_VERSION = 4.0;
			};
			name = Debug;
		};
		0894272520B1BA0700A4B6FF /* Release */ = {
			isa = XCBuildConfiguration;
			buildSettings = {
				ALWAYS_EMBED_SWIFT_STANDARD_LIBRARIES = YES;
				CLANG_ENABLE_OBJC_WEAK = YES;
				CODE_SIGN_IDENTITY = "-";
				CODE_SIGN_STYLE = Automatic;
				COMBINE_HIDPI_IMAGES = YES;
				INFOPLIST_FILE = KeyedCodableTests/Info.plist;
				LD_RUNPATH_SEARCH_PATHS = "$(inherited) @executable_path/../Frameworks @loader_path/../Frameworks";
				MACOSX_DEPLOYMENT_TARGET = 10.13;
				PRODUCT_BUNDLE_IDENTIFIER = "com.db.KeyedCodable-macOSTests";
				PRODUCT_NAME = "$(TARGET_NAME)";
				SDKROOT = macosx;
				SWIFT_VERSION = 4.0;
			};
			name = Release;
		};
/* End XCBuildConfiguration section */

/* Begin XCConfigurationList section */
		0889DB4E20699EA8008A0A13 /* Build configuration list for PBXProject "KeyedCodable" */ = {
			isa = XCConfigurationList;
			buildConfigurations = (
				0889DB6620699EA8008A0A13 /* Debug */,
				0889DB6720699EA8008A0A13 /* Release */,
			);
			defaultConfigurationIsVisible = 0;
			defaultConfigurationName = Release;
		};
		0889DB6820699EA8008A0A13 /* Build configuration list for PBXNativeTarget "KeyedCodable-iOS" */ = {
			isa = XCConfigurationList;
			buildConfigurations = (
				0889DB6920699EA8008A0A13 /* Debug */,
				0889DB6A20699EA8008A0A13 /* Release */,
			);
			defaultConfigurationIsVisible = 0;
			defaultConfigurationName = Release;
		};
		0889DB6B20699EA8008A0A13 /* Build configuration list for PBXNativeTarget "KeyedCodableTests-iOS" */ = {
			isa = XCConfigurationList;
			buildConfigurations = (
				0889DB6C20699EA8008A0A13 /* Debug */,
				0889DB6D20699EA8008A0A13 /* Release */,
			);
			defaultConfigurationIsVisible = 0;
			defaultConfigurationName = Release;
		};
		089426EB20B1B87900A4B6FF /* Build configuration list for PBXNativeTarget "KeyedCodable-watchOS" */ = {
			isa = XCConfigurationList;
			buildConfigurations = (
				089426EC20B1B87900A4B6FF /* Debug */,
				089426ED20B1B87900A4B6FF /* Release */,
			);
			defaultConfigurationIsVisible = 0;
			defaultConfigurationName = Release;
		};
		0894270420B1B9E300A4B6FF /* Build configuration list for PBXNativeTarget "KeyedCodable-tvOS" */ = {
			isa = XCConfigurationList;
			buildConfigurations = (
				0894270520B1B9E300A4B6FF /* Debug */,
				0894270620B1B9E300A4B6FF /* Release */,
			);
			defaultConfigurationIsVisible = 0;
			defaultConfigurationName = Release;
		};
		0894270720B1B9E300A4B6FF /* Build configuration list for PBXNativeTarget "KeyedCodable-tvOSTests" */ = {
			isa = XCConfigurationList;
			buildConfigurations = (
				0894270820B1B9E300A4B6FF /* Debug */,
				0894270920B1B9E300A4B6FF /* Release */,
			);
			defaultConfigurationIsVisible = 0;
			defaultConfigurationName = Release;
		};
		0894272020B1BA0700A4B6FF /* Build configuration list for PBXNativeTarget "KeyedCodable-macOS" */ = {
			isa = XCConfigurationList;
			buildConfigurations = (
				0894272120B1BA0700A4B6FF /* Debug */,
				0894272220B1BA0700A4B6FF /* Release */,
			);
			defaultConfigurationIsVisible = 0;
			defaultConfigurationName = Release;
		};
		0894272320B1BA0700A4B6FF /* Build configuration list for PBXNativeTarget "KeyedCodable-macOSTests" */ = {
			isa = XCConfigurationList;
			buildConfigurations = (
				0894272420B1BA0700A4B6FF /* Debug */,
				0894272520B1BA0700A4B6FF /* Release */,
			);
			defaultConfigurationIsVisible = 0;
			defaultConfigurationName = Release;
		};
/* End XCConfigurationList section */
	};
	rootObject = 0889DB4B20699EA8008A0A13 /* Project object */;
}
